
Microsoft Visual Studio Solution File, Format Version 12.00
Project("{FAE04EC0-301F-11D3-BF4B-00C04F79EFBC}") = "QsysDiscovery", "QsysDiscovery\QsysDiscovery.csproj", "{C6437000-513D-4A75-8AFD-67E8EB7BFCB9}"
EndProject
Global
	GlobalSection(SolutionConfigurationPlatforms) = preSolution
		Debug|Any CPU = Debug|Any CPU
		Release|Any CPU = Release|Any CPU
	EndGlobalSection
	GlobalSection(ProjectConfigurationPlatforms) = postSolution
		{C6437000-513D-4A75-8AFD-67E8EB7BFCB9}.Debug|Any CPU.ActiveCfg = Debug|Any CPU
		{C6437000-513D-4A75-8AFD-67E8EB7BFCB9}.Debug|Any CPU.Build.0 = Debug|Any CPU
		{C6437000-513D-4A75-8AFD-67E8EB7BFCB9}.Release|Any CPU.ActiveCfg = Release|Any CPU
		{C6437000-513D-4A75-8AFD-67E8EB7BFCB9}.Release|Any CPU.Build.0 = Release|Any CPU
	EndGlobalSection
EndGlobal
